
Microsoft Visual Studio Solution File, Format Version 12.00
# Visual Studio Version 17
VisualStudioVersion = 17.7.34009.444
MinimumVisualStudioVersion = 10.0.40219.1
Project("{FAE04EC0-301F-11D3-BF4B-00C04F79EFBC}") = "inkjet", "inkjet\inkjet.csproj", "{3F56F231-AB57-42FE-B941-D61BB6DF0EEB}"
EndProject
Global
	GlobalSection(SolutionConfigurationPlatforms) = preSolution
		Debug|Any CPU = Debug|Any CPU
		Release|Any CPU = Release|Any CPU
	EndGlobalSection
	GlobalSection(ProjectConfigurationPlatforms) = postSolution
		{3F56F231-AB57-42FE-B941-D61BB6DF0EEB}.Debug|Any CPU.ActiveCfg = Debug|Any CPU
		{3F56F231-AB57-42FE-B941-D61BB6DF0EEB}.Debug|Any CPU.Build.0 = Debug|Any CPU
		{3F56F231-AB57-42FE-B941-D61BB6DF0EEB}.Release|Any CPU.ActiveCfg = Release|Any CPU
		{3F56F231-AB57-42FE-B941-D61BB6DF0EEB}.Release|Any CPU.Build.0 = Release|Any CPU
	EndGlobalSection
	GlobalSection(SolutionProperties) = preSolution
		HideSolutionNode = FALSE
	EndGlobalSection
	GlobalSection(ExtensibilityGlobals) = postSolution
		SolutionGuid = {1D5DF7F1-2DD9-4E00-9BA7-B26512C274CB}
	EndGlobalSection
EndGlobal
